// !$*UTF8*$!
{
	archiveVersion = 1;
	classes = {
	};
	objectVersion = 46;
	objects = {

/* Begin PBXBuildFile section */
		C40E5DC21DE2808300F8D725 /* main.m in Sources */ = {isa = PBXBuildFile; fileRef = C40E5DC11DE2808300F8D725 /* main.m */; };
		C40E5DC51DE2808300F8D725 /* AppDelegate.m in Sources */ = {isa = PBXBuildFile; fileRef = C40E5DC41DE2808300F8D725 /* AppDelegate.m */; };
		C40E5DCB1DE2808300F8D725 /* Main.storyboard in Resources */ = {isa = PBXBuildFile; fileRef = C40E5DC91DE2808300F8D725 /* Main.storyboard */; };
		C40E5DCD1DE2808300F8D725 /* Assets.xcassets in Resources */ = {isa = PBXBuildFile; fileRef = C40E5DCC1DE2808300F8D725 /* Assets.xcassets */; };
		C40E5DD01DE2808300F8D725 /* LaunchScreen.storyboard in Resources */ = {isa = PBXBuildFile; fileRef = C40E5DCE1DE2808300F8D725 /* LaunchScreen.storyboard */; };
		C40E5DD91DE2E06B00F8D725 /* XingzuoTableViewController.m in Sources */ = {isa = PBXBuildFile; fileRef = C40E5DD81DE2E06B00F8D725 /* XingzuoTableViewController.m */; };
		C6D652F6C7DE8F933FB2EB7D /* libPods-星座.a in Frameworks */ = {isa = PBXBuildFile; fileRef = 1ED432F07D2B1D88179E0FC9 /* libPods-星座.a */; };
/* End PBXBuildFile section */

/* Begin PBXFileReference section */
		16C0F47B56A87437F593069D /* Pods-星座.release.xcconfig */ = {isa = PBXFileReference; includeInIndex = 1; lastKnownFileType = text.xcconfig; name = "Pods-星座.release.xcconfig"; path = "Pods/Target Support Files/Pods-星座/Pods-星座.release.xcconfig"; sourceTree = "<group>"; };
		1ED432F07D2B1D88179E0FC9 /* libPods-星座.a */ = {isa = PBXFileReference; explicitFileType = archive.ar; includeInIndex = 0; path = "libPods-星座.a"; sourceTree = BUILT_PRODUCTS_DIR; };
		71E39BADF3AF684AAD08F0E4 /* Pods-星座.debug.xcconfig */ = {isa = PBXFileReference; includeInIndex = 1; lastKnownFileType = text.xcconfig; name = "Pods-星座.debug.xcconfig"; path = "Pods/Target Support Files/Pods-星座/Pods-星座.debug.xcconfig"; sourceTree = "<group>"; };
		C40E5DBD1DE2808300F8D725 /* 星座.app */ = {isa = PBXFileReference; explicitFileType = wrapper.application; includeInIndex = 0; path = "星座.app"; sourceTree = BUILT_PRODUCTS_DIR; };
		C40E5DC11DE2808300F8D725 /* main.m */ = {isa = PBXFileReference; lastKnownFileType = sourcecode.c.objc; path = main.m; sourceTree = "<group>"; };
		C40E5DC31DE2808300F8D725 /* AppDelegate.h */ = {isa = PBXFileReference; lastKnownFileType = sourcecode.c.h; path = AppDelegate.h; sourceTree = "<group>"; };
		C40E5DC41DE2808300F8D725 /* AppDelegate.m */ = {isa = PBXFileReference; lastKnownFileType = sourcecode.c.objc; path = AppDelegate.m; sourceTree = "<group>"; };
		C40E5DCA1DE2808300F8D725 /* Base */ = {isa = PBXFileReference; lastKnownFileType = file.storyboard; name = Base; path = Base.lproj/Main.storyboard; sourceTree = "<group>"; };
		C40E5DCC1DE2808300F8D725 /* Assets.xcassets */ = {isa = PBXFileReference; lastKnownFileType = folder.assetcatalog; path = Assets.xcassets; sourceTree = "<group>"; };
		C40E5DCF1DE2808300F8D725 /* Base */ = {isa = PBXFileReference; lastKnownFileType = file.storyboard; name = Base; path = Base.lproj/LaunchScreen.storyboard; sourceTree = "<group>"; };
		C40E5DD11DE2808300F8D725 /* Info.plist */ = {isa = PBXFileReference; lastKnownFileType = text.plist.xml; path = Info.plist; sourceTree = "<group>"; };
		C40E5DD71DE2E06B00F8D725 /* XingzuoTableViewController.h */ = {isa = PBXFileReference; fileEncoding = 4; lastKnownFileType = sourcecode.c.h; path = XingzuoTableViewController.h; sourceTree = "<group>"; };
		C40E5DD81DE2E06B00F8D725 /* XingzuoTableViewController.m */ = {isa = PBXFileReference; fileEncoding = 4; lastKnownFileType = sourcecode.c.objc; path = XingzuoTableViewController.m; sourceTree = "<group>"; };
/* End PBXFileReference section */

/* Begin PBXFrameworksBuildPhase section */
		C40E5DBA1DE2808300F8D725 /* Frameworks */ = {
			isa = PBXFrameworksBuildPhase;
			buildActionMask = 2147483647;
			files = (
				C6D652F6C7DE8F933FB2EB7D /* libPods-星座.a in Frameworks */,
			);
			runOnlyForDeploymentPostprocessing = 0;
		};
/* End PBXFrameworksBuildPhase section */

/* Begin PBXGroup section */
		4EBF0C3FE8C33948877AC326 /* Frameworks */ = {
			isa = PBXGroup;
			children = (
				1ED432F07D2B1D88179E0FC9 /* libPods-星座.a */,
			);
			name = Frameworks;
			sourceTree = "<group>";
		};
		AEB5766C0DE2D7782F6372FD /* Pods */ = {
			isa = PBXGroup;
			children = (
				71E39BADF3AF684AAD08F0E4 /* Pods-星座.debug.xcconfig */,
				16C0F47B56A87437F593069D /* Pods-星座.release.xcconfig */,
			);
			name = Pods;
			sourceTree = "<group>";
		};
		C40E5DB41DE2808300F8D725 = {
			isa = PBXGroup;
			children = (
				C40E5DBF1DE2808300F8D725 /* 星座 */,
				C40E5DBE1DE2808300F8D725 /* Products */,
				AEB5766C0DE2D7782F6372FD /* Pods */,
				4EBF0C3FE8C33948877AC326 /* Frameworks */,
			);
			sourceTree = "<group>";
		};
		C40E5DBE1DE2808300F8D725 /* Products */ = {
			isa = PBXGroup;
			children = (
				C40E5DBD1DE2808300F8D725 /* 星座.app */,
			);
			name = Products;
			sourceTree = "<group>";
		};
		C40E5DBF1DE2808300F8D725 /* 星座 */ = {
			isa = PBXGroup;
			children = (
				C40E5DC31DE2808300F8D725 /* AppDelegate.h */,
				C40E5DC41DE2808300F8D725 /* AppDelegate.m */,
				C40E5DD71DE2E06B00F8D725 /* XingzuoTableViewController.h */,
				C40E5DD81DE2E06B00F8D725 /* XingzuoTableViewController.m */,
				C40E5DC91DE2808300F8D725 /* Main.storyboard */,
				C40E5DCC1DE2808300F8D725 /* Assets.xcassets */,
				C40E5DCE1DE2808300F8D725 /* LaunchScreen.storyboard */,
				C40E5DD11DE2808300F8D725 /* Info.plist */,
				C40E5DC01DE2808300F8D725 /* Supporting Files */,
			);
			path = "星座";
			sourceTree = "<group>";
		};
		C40E5DC01DE2808300F8D725 /* Supporting Files */ = {
			isa = PBXGroup;
			children = (
				C40E5DC11DE2808300F8D725 /* main.m */,
			);
			name = "Supporting Files";
			sourceTree = "<group>";
		};
/* End PBXGroup section */

/* Begin PBXNativeTarget section */
		C40E5DBC1DE2808300F8D725 /* 星座 */ = {
			isa = PBXNativeTarget;
			buildConfigurationList = C40E5DD41DE2808300F8D725 /* Build configuration list for PBXNativeTarget "星座" */;
			buildPhases = (
				04BE11907D3D1D31505880DB /* [CP] Check Pods Manifest.lock */,
				C40E5DB91DE2808300F8D725 /* Sources */,
				C40E5DBA1DE2808300F8D725 /* Frameworks */,
				C40E5DBB1DE2808300F8D725 /* Resources */,
				384361D29837CB0772891000 /* [CP] Embed Pods Frameworks */,
				70EF7F5B04672EAB90F3A4AD /* [CP] Copy Pods Resources */,
			);
			buildRules = (
			);
			dependencies = (
			);
			name = "星座";
			productName = "星座";
			productReference = C40E5DBD1DE2808300F8D725 /* 星座.app */;
			productType = "com.apple.product-type.application";
		};
/* End PBXNativeTarget section */

/* Begin PBXProject section */
		C40E5DB51DE2808300F8D725 /* Project object */ = {
			isa = PBXProject;
			attributes = {
				LastUpgradeCheck = 0810;
				ORGANIZATIONNAME = "张伟伟";
				TargetAttributes = {
					C40E5DBC1DE2808300F8D725 = {
						CreatedOnToolsVersion = 8.1;
						DevelopmentTeam = WR9GPV5Y5H;
						ProvisioningStyle = Automatic;
					};
				};
			};
			buildConfigurationList = C40E5DB81DE2808300F8D725 /* Build configuration list for PBXProject "星座" */;
			compatibilityVersion = "Xcode 3.2";
			developmentRegion = English;
			hasScannedForEncodings = 0;
			knownRegions = (
				en,
				Base,
			);
			mainGroup = C40E5DB41DE2808300F8D725;
			productRefGroup = C40E5DBE1DE2808300F8D725 /* Products */;
			projectDirPath = "";
			projectRoot = "";
			targets = (
				C40E5DBC1DE2808300F8D725 /* 星座 */,
			);
		};
/* End PBXProject section */

/* Begin PBXResourcesBuildPhase section */
		C40E5DBB1DE2808300F8D725 /* Resources */ = {
			isa = PBXResourcesBuildPhase;
			buildActionMask = 2147483647;
			files = (
				C40E5DD01DE2808300F8D725 /* LaunchScreen.storyboard in Resources */,
				C40E5DCD1DE2808300F8D725 /* Assets.xcassets in Resources */,
				C40E5DCB1DE2808300F8D725 /* Main.storyboard in Resources */,
			);
			runOnlyForDeploymentPostprocessing = 0;
		};
/* End PBXResourcesBuildPhase section */

/* Begin PBXShellScriptBuildPhase section */
		04BE11907D3D1D31505880DB /* [CP] Check Pods Manifest.lock */ = {
			isa = PBXShellScriptBuildPhase;
			buildActionMask = 2147483647;
			files = (
			);
			inputPaths = (
			);
			name = "[CP] Check Pods Manifest.lock";
			outputPaths = (
			);
			runOnlyForDeploymentPostprocessing = 0;
			shellPath = /bin/sh;
			shellScript = "diff \"${PODS_ROOT}/../Podfile.lock\" \"${PODS_ROOT}/Manifest.lock\" > /dev/null\nif [ $? != 0 ] ; then\n    # print error to STDERR\n    echo \"error: The sandbox is not in sync with the Podfile.lock. Run 'pod install' or update your CocoaPods installation.\" >&2\n    exit 1\nfi\n";
			showEnvVarsInLog = 0;
		};
		384361D29837CB0772891000 /* [CP] Embed Pods Frameworks */ = {
			isa = PBXShellScriptBuildPhase;
			buildActionMask = 2147483647;
			files = (
			);
			inputPaths = (
			);
			name = "[CP] Embed Pods Frameworks";
			outputPaths = (
			);
			runOnlyForDeploymentPostprocessing = 0;
			shellPath = /bin/sh;
			shellScript = "\"${SRCROOT}/Pods/Target Support Files/Pods-星座/Pods-星座-frameworks.sh\"\n";
			showEnvVarsInLog = 0;
		};
		70EF7F5B04672EAB90F3A4AD /* [CP] Copy Pods Resources */ = {
			isa = PBXShellScriptBuildPhase;
			buildActionMask = 2147483647;
			files = (
			);
			inputPaths = (
			);
			name = "[CP] Copy Pods Resources";
			outputPaths = (
			);
			runOnlyForDeploymentPostprocessing = 0;
			shellPath = /bin/sh;
			shellScript = "\"${SRCROOT}/Pods/Target Support Files/Pods-星座/Pods-星座-resources.sh\"\n";
			showEnvVarsInLog = 0;
		};
/* End PBXShellScriptBuildPhase section */

/* Begin PBXSourcesBuildPhase section */
		C40E5DB91DE2808300F8D725 /* Sources */ = {
			isa = PBXSourcesBuildPhase;
			buildActionMask = 2147483647;
			files = (
				C40E5DD91DE2E06B00F8D725 /* XingzuoTableViewController.m in Sources */,
				C40E5DC51DE2808300F8D725 /* AppDelegate.m in Sources */,
				C40E5DC21DE2808300F8D725 /* main.m in Sources */,
			);
			runOnlyForDeploymentPostprocessing = 0;
		};
/* End PBXSourcesBuildPhase section */

/* Begin PBXVariantGroup section */
		C40E5DC91DE2808300F8D725 /* Main.storyboard */ = {
			isa = PBXVariantGroup;
			children = (
				C40E5DCA1DE2808300F8D725 /* Base */,
			);
			name = Main.storyboard;
			sourceTree = "<group>";
		};
		C40E5DCE1DE2808300F8D725 /* LaunchScreen.storyboard */ = {
			isa = PBXVariantGroup;
			children = (
				C40E5DCF1DE2808300F8D725 /* Base */,
			);
			name = LaunchScreen.storyboard;
			sourceTree = "<group>";
		};
/* End PBXVariantGroup section */

/* Begin XCBuildConfiguration section */
		C40E5DD21DE2808300F8D725 /* Debug */ = {
			isa = XCBuildConfiguration;
			buildSettings = {
				ALWAYS_SEARCH_USER_PATHS = NO;
				CLANG_ANALYZER_NONNULL = YES;
				CLANG_CXX_LANGUAGE_STANDARD = "gnu++0x";
				CLANG_CXX_LIBRARY = "libc++";
				CLANG_ENABLE_MODULES = YES;
				CLANG_ENABLE_OBJC_ARC = YES;
				CLANG_WARN_BOOL_CONVERSION = YES;
				CLANG_WARN_CONSTANT_CONVERSION = YES;
				CLANG_WARN_DIRECT_OBJC_ISA_USAGE = YES_ERROR;
				CLANG_WARN_DOCUMENTATION_COMMENTS = YES;
				CLANG_WARN_EMPTY_BODY = YES;
				CLANG_WARN_ENUM_CONVERSION = YES;
				CLANG_WARN_INFINITE_RECURSION = YES;
				CLANG_WARN_INT_CONVERSION = YES;
				CLANG_WARN_OBJC_ROOT_CLASS = YES_ERROR;
				CLANG_WARN_SUSPICIOUS_MOVE = YES;
				CLANG_WARN_SUSPICIOUS_MOVES = YES;
				CLANG_WARN_UNREACHABLE_CODE = YES;
				CLANG_WARN__DUPLICATE_METHOD_MATCH = YES;
				"CODE_SIGN_IDENTITY[sdk=iphoneos*]" = "iPhone Developer";
				COPY_PHASE_STRIP = NO;
				DEBUG_INFORMATION_FORMAT = dwarf;
				ENABLE_STRICT_OBJC_MSGSEND = YES;
				ENABLE_TESTABILITY = YES;
				GCC_C_LANGUAGE_STANDARD = gnu99;
				GCC_DYNAMIC_NO_PIC = NO;
				GCC_NO_COMMON_BLOCKS = YES;
				GCC_OPTIMIZATION_LEVEL = 0;
				GCC_PREPROCESSOR_DEFINITIONS = (
					"DEBUG=1",
					"$(inherited)",
				);
				GCC_WARN_64_TO_32_BIT_CONVERSION = YES;
				GCC_WARN_ABOUT_RETURN_TYPE = YES_ERROR;
				GCC_WARN_UNDECLARED_SELECTOR = YES;
				GCC_WARN_UNINITIALIZED_AUTOS = YES_AGGRESSIVE;
				GCC_WARN_UNUSED_FUNCTION = YES;
				GCC_WARN_UNUSED_VARIABLE = YES;
				IPHONEOS_DEPLOYMENT_TARGET = 8.0;
				MTL_ENABLE_DEBUG_INFO = YES;
				ONLY_ACTIVE_ARCH = YES;
				SDKROOT = iphoneos;
				TARGETED_DEVICE_FAMILY = "1,2";
			};
			name = Debug;
		};
		C40E5DD31DE2808300F8D725 /* Release */ = {
			isa = XCBuildConfiguration;
			buildSettings = {
				ALWAYS_SEARCH_USER_PATHS = NO;
				CLANG_ANALYZER_NONNULL = YES;
				CLANG_CXX_LANGUAGE_STANDARD = "gnu++0x";
				CLANG_CXX_LIBRARY = "libc++";
				CLANG_ENABLE_MODULES = YES;
				CLANG_ENABLE_OBJC_ARC = YES;
				CLANG_WARN_BOOL_CONVERSION = YES;
				CLANG_WARN_CONSTANT_CONVERSION = YES;
				CLANG_WARN_DIRECT_OBJC_ISA_USAGE = YES_ERROR;
				CLANG_WARN_DOCUMENTATION_COMMENTS = YES;
				CLANG_WARN_EMPTY_BODY = YES;
				CLANG_WARN_ENUM_CONVERSION = YES;
				CLANG_WARN_INFINITE_RECURSION = YES;
				CLANG_WARN_INT_CONVERSION = YES;
				CLANG_WARN_OBJC_ROOT_CLASS = YES_ERROR;
				CLANG_WARN_SUSPICIOUS_MOVE = YES;
				CLANG_WARN_SUSPICIOUS_MOVES = YES;
				CLANG_WARN_UNREACHABLE_CODE = YES;
				CLANG_WARN__DUPLICATE_METHOD_MATCH = YES;
				"CODE_SIGN_IDENTITY[sdk=iphoneos*]" = "iPhone Developer";
				COPY_PHASE_STRIP = NO;
				DEBUG_INFORMATION_FORMAT = "dwarf-with-dsym";
				ENABLE_NS_ASSERTIONS = NO;
				ENABLE_STRICT_OBJC_MSGSEND = YES;
				GCC_C_LANGUAGE_STANDARD = gnu99;
				GCC_NO_COMMON_BLOCKS = YES;
				GCC_WARN_64_TO_32_BIT_CONVERSION = YES;
				GCC_WARN_ABOUT_RETURN_TYPE = YES_ERROR;
				GCC_WARN_UNDECLARED_SELECTOR = YES;
				GCC_WARN_UNINITIALIZED_AUTOS = YES_AGGRESSIVE;
				GCC_WARN_UNUSED_FUNCTION = YES;
				GCC_WARN_UNUSED_VARIABLE = YES;
				IPHONEOS_DEPLOYMENT_TARGET = 8.0;
				MTL_ENABLE_DEBUG_INFO = NO;
				SDKROOT = iphoneos;
				TARGETED_DEVICE_FAMILY = "1,2";
				VALIDATE_PRODUCT = YES;
			};
			name = Release;
		};
		C40E5DD51DE2808300F8D725 /* Debug */ = {
			isa = XCBuildConfiguration;
			baseConfigurationReference = 71E39BADF3AF684AAD08F0E4 /* Pods-星座.debug.xcconfig */;
			buildSettings = {
				ASSETCATALOG_COMPILER_APPICON_NAME = AppIcon;
				DEVELOPMENT_TEAM = WR9GPV5Y5H;
				INFOPLIST_FILE = "星座/Info.plist";
				IPHONEOS_DEPLOYMENT_TARGET = 8.0;
				LD_RUNPATH_SEARCH_PATHS = "$(inherited) @executable_path/Frameworks";
				PRODUCT_BUNDLE_IDENTIFIER = "zww.--";
				PRODUCT_NAME = "$(TARGET_NAME)";
			};
			name = Debug;
		};
		C40E5DD61DE2808300F8D725 /* Release */ = {
			isa = XCBuildConfiguration;
			baseConfigurationReference = 16C0F47B56A87437F593069D /* Pods-星座.release.xcconfig */;
			buildSettings = {
				ASSETCATALOG_COMPILER_APPICON_NAME = AppIcon;
				DEVELOPMENT_TEAM = WR9GPV5Y5H;
				INFOPLIST_FILE = "星座/Info.plist";
				IPHONEOS_DEPLOYMENT_TARGET = 8.0;
				LD_RUNPATH_SEARCH_PATHS = "$(inherited) @executable_path/Frameworks";
				PRODUCT_BUNDLE_IDENTIFIER = "zww.--";
				PRODUCT_NAME = "$(TARGET_NAME)";
			};
			name = Release;
		};
/* End XCBuildConfiguration section */

/* Begin XCConfigurationList section */
		C40E5DB81DE2808300F8D725 /* Build configuration list for PBXProject "星座" */ = {
			isa = XCConfigurationList;
			buildConfigurations = (
				C40E5DD21DE2808300F8D725 /* Debug */,
				C40E5DD31DE2808300F8D725 /* Release */,
			);
			defaultConfigurationIsVisible = 0;
			defaultConfigurationName = Release;
		};
		C40E5DD41DE2808300F8D725 /* Build configuration list for PBXNativeTarget "星座" */ = {
			isa = XCConfigurationList;
			buildConfigurations = (
				C40E5DD51DE2808300F8D725 /* Debug */,
				C40E5DD61DE2808300F8D725 /* Release */,
			);
			defaultConfigurationIsVisible = 0;
			defaultConfigurationName = Release;
		};
/* End XCConfigurationList section */
	};
	rootObject = C40E5DB51DE2808300F8D725 /* Project object */;
}
